
Microsoft Visual Studio Solution File, Format Version 12.00
# Visual Studio Version 16
VisualStudioVersion = 25.0.1703.0
MinimumVisualStudioVersion = 10.0.40219.1
Project("{FAE04EC0-301F-11D3-BF4B-00C04F79EFBC}") = "RandomNumbers", "RandomNumbers\RandomNumbers.csproj", "{70AD2F9A-93FF-4288-BFA6-253643D5CAF0}"
EndProject
Global
	GlobalSection(SolutionConfigurationPlatforms) = preSolution
		Debug|Any CPU = Debug|Any CPU
		Release|Any CPU = Release|Any CPU
	EndGlobalSection
	GlobalSection(ProjectConfigurationPlatforms) = postSolution
		{70AD2F9A-93FF-4288-BFA6-253643D5CAF0}.Debug|Any CPU.ActiveCfg = Debug|Any CPU
		{70AD2F9A-93FF-4288-BFA6-253643D5CAF0}.Debug|Any CPU.Build.0 = Debug|Any CPU
		{70AD2F9A-93FF-4288-BFA6-253643D5CAF0}.Release|Any CPU.ActiveCfg = Release|Any CPU
		{70AD2F9A-93FF-4288-BFA6-253643D5CAF0}.Release|Any CPU.Build.0 = Release|Any CPU
	EndGlobalSection
	GlobalSection(SolutionProperties) = preSolution
		HideSolutionNode = FALSE
	EndGlobalSection
	GlobalSection(ExtensibilityGlobals) = postSolution
		SolutionGuid = {34EC3BF2-8EF1-46DF-8467-DE21EE346DAA}
	EndGlobalSection
EndGlobal
